// !$*UTF8*$!
{
	archiveVersion = 1;
	classes = {
	};
	objectVersion = 56;
	objects = {

/* Begin PBXBuildFile section */
		500DEC492AF787E800155BA6 /* RMService.swift in Sources */ = {isa = PBXBuildFile; fileRef = 500DEC482AF787E800155BA6 /* RMService.swift */; };
		500DEC4B2AF787FF00155BA6 /* RMRequest.swift in Sources */ = {isa = PBXBuildFile; fileRef = 500DEC4A2AF787FF00155BA6 /* RMRequest.swift */; };
		500DEC4D2AF788B000155BA6 /* RMEndpoint.swift in Sources */ = {isa = PBXBuildFile; fileRef = 500DEC4C2AF788B000155BA6 /* RMEndpoint.swift */; };
		50F713622AF634A9003A0BC8 /* AppDelegate.swift in Sources */ = {isa = PBXBuildFile; fileRef = 50F713612AF634A9003A0BC8 /* AppDelegate.swift */; };
		50F713642AF634A9003A0BC8 /* SceneDelegate.swift in Sources */ = {isa = PBXBuildFile; fileRef = 50F713632AF634A9003A0BC8 /* SceneDelegate.swift */; };
		50F713662AF634A9003A0BC8 /* RMTabBarController.swift in Sources */ = {isa = PBXBuildFile; fileRef = 50F713652AF634A9003A0BC8 /* RMTabBarController.swift */; };
		50F7136B2AF634AA003A0BC8 /* Assets.xcassets in Resources */ = {isa = PBXBuildFile; fileRef = 50F7136A2AF634AA003A0BC8 /* Assets.xcassets */; };
		50F7136E2AF634AA003A0BC8 /* LaunchScreen.storyboard in Resources */ = {isa = PBXBuildFile; fileRef = 50F7136C2AF634AA003A0BC8 /* LaunchScreen.storyboard */; };
		50F7137E2AF63864003A0BC8 /* RMLocation.swift in Sources */ = {isa = PBXBuildFile; fileRef = 50F7137D2AF63864003A0BC8 /* RMLocation.swift */; };
		50F713802AF63879003A0BC8 /* RMCharacter.swift in Sources */ = {isa = PBXBuildFile; fileRef = 50F7137F2AF63879003A0BC8 /* RMCharacter.swift */; };
		50F713822AF63885003A0BC8 /* RMEpisode.swift in Sources */ = {isa = PBXBuildFile; fileRef = 50F713812AF63885003A0BC8 /* RMEpisode.swift */; };
		50F713852AF639B7003A0BC8 /* RMCharacterViewController.swift in Sources */ = {isa = PBXBuildFile; fileRef = 50F713842AF639B7003A0BC8 /* RMCharacterViewController.swift */; };
		50F713882AF639F7003A0BC8 /* RMLocationViewController.swift in Sources */ = {isa = PBXBuildFile; fileRef = 50F713872AF639F7003A0BC8 /* RMLocationViewController.swift */; };
		50F7138A2AF63A09003A0BC8 /* RMEpisodeViewController.swift in Sources */ = {isa = PBXBuildFile; fileRef = 50F713892AF63A09003A0BC8 /* RMEpisodeViewController.swift */; };
		50F7138C2AF63A2C003A0BC8 /* RMSettingsViewController.swift in Sources */ = {isa = PBXBuildFile; fileRef = 50F7138B2AF63A2C003A0BC8 /* RMSettingsViewController.swift */; };
/* End PBXBuildFile section */

/* Begin PBXFileReference section */
		500DEC482AF787E800155BA6 /* RMService.swift */ = {isa = PBXFileReference; lastKnownFileType = sourcecode.swift; path = RMService.swift; sourceTree = "<group>"; };
		500DEC4A2AF787FF00155BA6 /* RMRequest.swift */ = {isa = PBXFileReference; lastKnownFileType = sourcecode.swift; path = RMRequest.swift; sourceTree = "<group>"; };
		500DEC4C2AF788B000155BA6 /* RMEndpoint.swift */ = {isa = PBXFileReference; lastKnownFileType = sourcecode.swift; path = RMEndpoint.swift; sourceTree = "<group>"; };
		50F7135E2AF634A9003A0BC8 /* RickAndMorty.app */ = {isa = PBXFileReference; explicitFileType = wrapper.application; includeInIndex = 0; path = RickAndMorty.app; sourceTree = BUILT_PRODUCTS_DIR; };
		50F713612AF634A9003A0BC8 /* AppDelegate.swift */ = {isa = PBXFileReference; lastKnownFileType = sourcecode.swift; path = AppDelegate.swift; sourceTree = "<group>"; };
		50F713632AF634A9003A0BC8 /* SceneDelegate.swift */ = {isa = PBXFileReference; lastKnownFileType = sourcecode.swift; path = SceneDelegate.swift; sourceTree = "<group>"; };
		50F713652AF634A9003A0BC8 /* RMTabBarController.swift */ = {isa = PBXFileReference; lastKnownFileType = sourcecode.swift; path = RMTabBarController.swift; sourceTree = "<group>"; };
		50F7136A2AF634AA003A0BC8 /* Assets.xcassets */ = {isa = PBXFileReference; lastKnownFileType = folder.assetcatalog; path = Assets.xcassets; sourceTree = "<group>"; };
		50F7136D2AF634AA003A0BC8 /* Base */ = {isa = PBXFileReference; lastKnownFileType = file.storyboard; name = Base; path = Base.lproj/LaunchScreen.storyboard; sourceTree = "<group>"; };
		50F7136F2AF634AA003A0BC8 /* Info.plist */ = {isa = PBXFileReference; lastKnownFileType = text.plist.xml; path = Info.plist; sourceTree = "<group>"; };
		50F7137D2AF63864003A0BC8 /* RMLocation.swift */ = {isa = PBXFileReference; lastKnownFileType = sourcecode.swift; path = RMLocation.swift; sourceTree = "<group>"; };
		50F7137F2AF63879003A0BC8 /* RMCharacter.swift */ = {isa = PBXFileReference; lastKnownFileType = sourcecode.swift; path = RMCharacter.swift; sourceTree = "<group>"; };
		50F713812AF63885003A0BC8 /* RMEpisode.swift */ = {isa = PBXFileReference; lastKnownFileType = sourcecode.swift; path = RMEpisode.swift; sourceTree = "<group>"; };
		50F713842AF639B7003A0BC8 /* RMCharacterViewController.swift */ = {isa = PBXFileReference; lastKnownFileType = sourcecode.swift; path = RMCharacterViewController.swift; sourceTree = "<group>"; };
		50F713872AF639F7003A0BC8 /* RMLocationViewController.swift */ = {isa = PBXFileReference; lastKnownFileType = sourcecode.swift; path = RMLocationViewController.swift; sourceTree = "<group>"; };
		50F713892AF63A09003A0BC8 /* RMEpisodeViewController.swift */ = {isa = PBXFileReference; lastKnownFileType = sourcecode.swift; path = RMEpisodeViewController.swift; sourceTree = "<group>"; };
		50F7138B2AF63A2C003A0BC8 /* RMSettingsViewController.swift */ = {isa = PBXFileReference; lastKnownFileType = sourcecode.swift; path = RMSettingsViewController.swift; sourceTree = "<group>"; };
/* End PBXFileReference section */

/* Begin PBXFrameworksBuildPhase section */
		50F7135B2AF634A9003A0BC8 /* Frameworks */ = {
			isa = PBXFrameworksBuildPhase;
			buildActionMask = 2147483647;
			files = (
			);
			runOnlyForDeploymentPostprocessing = 0;
		};
/* End PBXFrameworksBuildPhase section */

/* Begin PBXGroup section */
		50F713552AF634A9003A0BC8 = {
			isa = PBXGroup;
			children = (
				50F713602AF634A9003A0BC8 /* RickAndMorty */,
				50F7135F2AF634A9003A0BC8 /* Products */,
			);
			sourceTree = "<group>";
		};
		50F7135F2AF634A9003A0BC8 /* Products */ = {
			isa = PBXGroup;
			children = (
				50F7135E2AF634A9003A0BC8 /* RickAndMorty.app */,
			);
			name = Products;
			sourceTree = "<group>";
		};
		50F713602AF634A9003A0BC8 /* RickAndMorty */ = {
			isa = PBXGroup;
			children = (
				50F7137C2AF63787003A0BC8 /* Resources */,
				50F7137B2AF63776003A0BC8 /* Managers */,
				50F7137A2AF63767003A0BC8 /* APIClient */,
				50F713792AF6375B003A0BC8 /* ViewModels */,
				50F713782AF6374C003A0BC8 /* Views */,
				50F713772AF63739003A0BC8 /* Models */,
				50F713762AF63728003A0BC8 /* Controllers */,
				50F7136F2AF634AA003A0BC8 /* Info.plist */,
			);
			path = RickAndMorty;
			sourceTree = "<group>";
		};
		50F713762AF63728003A0BC8 /* Controllers */ = {
			isa = PBXGroup;
			children = (
				50F713832AF63956003A0BC8 /* Core */,
			);
			path = Controllers;
			sourceTree = "<group>";
		};
		50F713772AF63739003A0BC8 /* Models */ = {
			isa = PBXGroup;
			children = (
				50F7137D2AF63864003A0BC8 /* RMLocation.swift */,
				50F7137F2AF63879003A0BC8 /* RMCharacter.swift */,
				50F713812AF63885003A0BC8 /* RMEpisode.swift */,
			);
			path = Models;
			sourceTree = "<group>";
		};
		50F713782AF6374C003A0BC8 /* Views */ = {
			isa = PBXGroup;
			children = (
			);
			path = Views;
			sourceTree = "<group>";
		};
		50F713792AF6375B003A0BC8 /* ViewModels */ = {
			isa = PBXGroup;
			children = (
			);
			path = ViewModels;
			sourceTree = "<group>";
		};
		50F7137A2AF63767003A0BC8 /* APIClient */ = {
			isa = PBXGroup;
			children = (
				500DEC482AF787E800155BA6 /* RMService.swift */,
				500DEC4A2AF787FF00155BA6 /* RMRequest.swift */,
				500DEC4C2AF788B000155BA6 /* RMEndpoint.swift */,
			);
			path = APIClient;
			sourceTree = "<group>";
		};
		50F7137B2AF63776003A0BC8 /* Managers */ = {
			isa = PBXGroup;
			children = (
			);
			path = Managers;
			sourceTree = "<group>";
		};
		50F7137C2AF63787003A0BC8 /* Resources */ = {
			isa = PBXGroup;
			children = (
				50F7136A2AF634AA003A0BC8 /* Assets.xcassets */,
				50F7136C2AF634AA003A0BC8 /* LaunchScreen.storyboard */,
				50F713612AF634A9003A0BC8 /* AppDelegate.swift */,
				50F713632AF634A9003A0BC8 /* SceneDelegate.swift */,
			);
			path = Resources;
			sourceTree = "<group>";
		};
		50F713832AF63956003A0BC8 /* Core */ = {
			isa = PBXGroup;
			children = (
				50F713652AF634A9003A0BC8 /* RMTabBarController.swift */,
				50F713842AF639B7003A0BC8 /* RMCharacterViewController.swift */,
				50F713872AF639F7003A0BC8 /* RMLocationViewController.swift */,
				50F713892AF63A09003A0BC8 /* RMEpisodeViewController.swift */,
				50F7138B2AF63A2C003A0BC8 /* RMSettingsViewController.swift */,
			);
			path = Core;
			sourceTree = "<group>";
		};
/* End PBXGroup section */

/* Begin PBXNativeTarget section */
		50F7135D2AF634A9003A0BC8 /* RickAndMorty */ = {
			isa = PBXNativeTarget;
			buildConfigurationList = 50F713722AF634AA003A0BC8 /* Build configuration list for PBXNativeTarget "RickAndMorty" */;
			buildPhases = (
				50F7135A2AF634A9003A0BC8 /* Sources */,
				50F7135B2AF634A9003A0BC8 /* Frameworks */,
				50F7135C2AF634A9003A0BC8 /* Resources */,
			);
			buildRules = (
			);
			dependencies = (
			);
			name = RickAndMorty;
			productName = RickAndMorty;
			productReference = 50F7135E2AF634A9003A0BC8 /* RickAndMorty.app */;
			productType = "com.apple.product-type.application";
		};
/* End PBXNativeTarget section */

/* Begin PBXProject section */
		50F713562AF634A9003A0BC8 /* Project object */ = {
			isa = PBXProject;
			attributes = {
				BuildIndependentTargetsInParallel = 1;
				LastSwiftUpdateCheck = 1500;
				LastUpgradeCheck = 1500;
				TargetAttributes = {
					50F7135D2AF634A9003A0BC8 = {
						CreatedOnToolsVersion = 15.0.1;
					};
				};
			};
			buildConfigurationList = 50F713592AF634A9003A0BC8 /* Build configuration list for PBXProject "RickAndMorty" */;
			compatibilityVersion = "Xcode 14.0";
			developmentRegion = en;
			hasScannedForEncodings = 0;
			knownRegions = (
				en,
				Base,
			);
			mainGroup = 50F713552AF634A9003A0BC8;
			productRefGroup = 50F7135F2AF634A9003A0BC8 /* Products */;
			projectDirPath = "";
			projectRoot = "";
			targets = (
				50F7135D2AF634A9003A0BC8 /* RickAndMorty */,
			);
		};
/* End PBXProject section */

/* Begin PBXResourcesBuildPhase section */
		50F7135C2AF634A9003A0BC8 /* Resources */ = {
			isa = PBXResourcesBuildPhase;
			buildActionMask = 2147483647;
			files = (
				50F7136E2AF634AA003A0BC8 /* LaunchScreen.storyboard in Resources */,
				50F7136B2AF634AA003A0BC8 /* Assets.xcassets in Resources */,
			);
			runOnlyForDeploymentPostprocessing = 0;
		};
/* End PBXResourcesBuildPhase section */

/* Begin PBXSourcesBuildPhase section */
		50F7135A2AF634A9003A0BC8 /* Sources */ = {
			isa = PBXSourcesBuildPhase;
			buildActionMask = 2147483647;
			files = (
				50F713882AF639F7003A0BC8 /* RMLocationViewController.swift in Sources */,
				50F713822AF63885003A0BC8 /* RMEpisode.swift in Sources */,
				50F713662AF634A9003A0BC8 /* RMTabBarController.swift in Sources */,
				50F7138A2AF63A09003A0BC8 /* RMEpisodeViewController.swift in Sources */,
				50F713622AF634A9003A0BC8 /* AppDelegate.swift in Sources */,
				50F713642AF634A9003A0BC8 /* SceneDelegate.swift in Sources */,
				50F7138C2AF63A2C003A0BC8 /* RMSettingsViewController.swift in Sources */,
				500DEC492AF787E800155BA6 /* RMService.swift in Sources */,
				50F7137E2AF63864003A0BC8 /* RMLocation.swift in Sources */,
				500DEC4D2AF788B000155BA6 /* RMEndpoint.swift in Sources */,
				50F713802AF63879003A0BC8 /* RMCharacter.swift in Sources */,
				500DEC4B2AF787FF00155BA6 /* RMRequest.swift in Sources */,
				50F713852AF639B7003A0BC8 /* RMCharacterViewController.swift in Sources */,
			);
			runOnlyForDeploymentPostprocessing = 0;
		};
/* End PBXSourcesBuildPhase section */

/* Begin PBXVariantGroup section */
		50F7136C2AF634AA003A0BC8 /* LaunchScreen.storyboard */ = {
			isa = PBXVariantGroup;
			children = (
				50F7136D2AF634AA003A0BC8 /* Base */,
			);
			name = LaunchScreen.storyboard;
			sourceTree = "<group>";
		};
/* End PBXVariantGroup section */

/* Begin XCBuildConfiguration section */
		50F713702AF634AA003A0BC8 /* Debug */ = {
			isa = XCBuildConfiguration;
			buildSettings = {
				ALWAYS_SEARCH_USER_PATHS = NO;
				ASSETCATALOG_COMPILER_GENERATE_SWIFT_ASSET_SYMBOL_EXTENSIONS = YES;
				CLANG_ANALYZER_NONNULL = YES;
				CLANG_ANALYZER_NUMBER_OBJECT_CONVERSION = YES_AGGRESSIVE;
				CLANG_CXX_LANGUAGE_STANDARD = "gnu++20";
				CLANG_ENABLE_MODULES = YES;
				CLANG_ENABLE_OBJC_ARC = YES;
				CLANG_ENABLE_OBJC_WEAK = YES;
				CLANG_WARN_BLOCK_CAPTURE_AUTORELEASING = YES;
				CLANG_WARN_BOOL_CONVERSION = YES;
				CLANG_WARN_COMMA = YES;
				CLANG_WARN_CONSTANT_CONVERSION = YES;
				CLANG_WARN_DEPRECATED_OBJC_IMPLEMENTATIONS = YES;
				CLANG_WARN_DIRECT_OBJC_ISA_USAGE = YES_ERROR;
				CLANG_WARN_DOCUMENTATION_COMMENTS = YES;
				CLANG_WARN_EMPTY_BODY = YES;
				CLANG_WARN_ENUM_CONVERSION = YES;
				CLANG_WARN_INFINITE_RECURSION = YES;
				CLANG_WARN_INT_CONVERSION = YES;
				CLANG_WARN_NON_LITERAL_NULL_CONVERSION = YES;
				CLANG_WARN_OBJC_IMPLICIT_RETAIN_SELF = YES;
				CLANG_WARN_OBJC_LITERAL_CONVERSION = YES;
				CLANG_WARN_OBJC_ROOT_CLASS = YES_ERROR;
				CLANG_WARN_QUOTED_INCLUDE_IN_FRAMEWORK_HEADER = YES;
				CLANG_WARN_RANGE_LOOP_ANALYSIS = YES;
				CLANG_WARN_STRICT_PROTOTYPES = YES;
				CLANG_WARN_SUSPICIOUS_MOVE = YES;
				CLANG_WARN_UNGUARDED_AVAILABILITY = YES_AGGRESSIVE;
				CLANG_WARN_UNREACHABLE_CODE = YES;
				CLANG_WARN__DUPLICATE_METHOD_MATCH = YES;
				COPY_PHASE_STRIP = NO;
				DEBUG_INFORMATION_FORMAT = dwarf;
				ENABLE_STRICT_OBJC_MSGSEND = YES;
				ENABLE_TESTABILITY = YES;
				ENABLE_USER_SCRIPT_SANDBOXING = YES;
				GCC_C_LANGUAGE_STANDARD = gnu17;
				GCC_DYNAMIC_NO_PIC = NO;
				GCC_NO_COMMON_BLOCKS = YES;
				GCC_OPTIMIZATION_LEVEL = 0;
				GCC_PREPROCESSOR_DEFINITIONS = (
					"DEBUG=1",
					"$(inherited)",
				);
				GCC_WARN_64_TO_32_BIT_CONVERSION = YES;
				GCC_WARN_ABOUT_RETURN_TYPE = YES_ERROR;
				GCC_WARN_UNDECLARED_SELECTOR = YES;
				GCC_WARN_UNINITIALIZED_AUTOS = YES_AGGRESSIVE;
				GCC_WARN_UNUSED_FUNCTION = YES;
				GCC_WARN_UNUSED_VARIABLE = YES;
				IPHONEOS_DEPLOYMENT_TARGET = 17.0;
				LOCALIZATION_PREFERS_STRING_CATALOGS = YES;
				MTL_ENABLE_DEBUG_INFO = INCLUDE_SOURCE;
				MTL_FAST_MATH = YES;
				ONLY_ACTIVE_ARCH = YES;
				SDKROOT = iphoneos;
				SWIFT_ACTIVE_COMPILATION_CONDITIONS = "DEBUG $(inherited)";
				SWIFT_OPTIMIZATION_LEVEL = "-Onone";
			};
			name = Debug;
		};
		50F713712AF634AA003A0BC8 /* Release */ = {
			isa = XCBuildConfiguration;
			buildSettings = {
				ALWAYS_SEARCH_USER_PATHS = NO;
				ASSETCATALOG_COMPILER_GENERATE_SWIFT_ASSET_SYMBOL_EXTENSIONS = YES;
				CLANG_ANALYZER_NONNULL = YES;
				CLANG_ANALYZER_NUMBER_OBJECT_CONVERSION = YES_AGGRESSIVE;
				CLANG_CXX_LANGUAGE_STANDARD = "gnu++20";
				CLANG_ENABLE_MODULES = YES;
				CLANG_ENABLE_OBJC_ARC = YES;
				CLANG_ENABLE_OBJC_WEAK = YES;
				CLANG_WARN_BLOCK_CAPTURE_AUTORELEASING = YES;
				CLANG_WARN_BOOL_CONVERSION = YES;
				CLANG_WARN_COMMA = YES;
				CLANG_WARN_CONSTANT_CONVERSION = YES;
				CLANG_WARN_DEPRECATED_OBJC_IMPLEMENTATIONS = YES;
				CLANG_WARN_DIRECT_OBJC_ISA_USAGE = YES_ERROR;
				CLANG_WARN_DOCUMENTATION_COMMENTS = YES;
				CLANG_WARN_EMPTY_BODY = YES;
				CLANG_WARN_ENUM_CONVERSION = YES;
				CLANG_WARN_INFINITE_RECURSION = YES;
				CLANG_WARN_INT_CONVERSION = YES;
				CLANG_WARN_NON_LITERAL_NULL_CONVERSION = YES;
				CLANG_WARN_OBJC_IMPLICIT_RETAIN_SELF = YES;
				CLANG_WARN_OBJC_LITERAL_CONVERSION = YES;
				CLANG_WARN_OBJC_ROOT_CLASS = YES_ERROR;
				CLANG_WARN_QUOTED_INCLUDE_IN_FRAMEWORK_HEADER = YES;
				CLANG_WARN_RANGE_LOOP_ANALYSIS = YES;
				CLANG_WARN_STRICT_PROTOTYPES = YES;
				CLANG_WARN_SUSPICIOUS_MOVE = YES;
				CLANG_WARN_UNGUARDED_AVAILABILITY = YES_AGGRESSIVE;
				CLANG_WARN_UNREACHABLE_CODE = YES;
				CLANG_WARN__DUPLICATE_METHOD_MATCH = YES;
				COPY_PHASE_STRIP = NO;
				DEBUG_INFORMATION_FORMAT = "dwarf-with-dsym";
				ENABLE_NS_ASSERTIONS = NO;
				ENABLE_STRICT_OBJC_MSGSEND = YES;
				ENABLE_USER_SCRIPT_SANDBOXING = YES;
				GCC_C_LANGUAGE_STANDARD = gnu17;
				GCC_NO_COMMON_BLOCKS = YES;
				GCC_WARN_64_TO_32_BIT_CONVERSION = YES;
				GCC_WARN_ABOUT_RETURN_TYPE = YES_ERROR;
				GCC_WARN_UNDECLARED_SELECTOR = YES;
				GCC_WARN_UNINITIALIZED_AUTOS = YES_AGGRESSIVE;
				GCC_WARN_UNUSED_FUNCTION = YES;
				GCC_WARN_UNUSED_VARIABLE = YES;
				IPHONEOS_DEPLOYMENT_TARGET = 17.0;
				LOCALIZATION_PREFERS_STRING_CATALOGS = YES;
				MTL_ENABLE_DEBUG_INFO = NO;
				MTL_FAST_MATH = YES;
				SDKROOT = iphoneos;
				SWIFT_COMPILATION_MODE = wholemodule;
				VALIDATE_PRODUCT = YES;
			};
			name = Release;
		};
		50F713732AF634AA003A0BC8 /* Debug */ = {
			isa = XCBuildConfiguration;
			buildSettings = {
				ASSETCATALOG_COMPILER_APPICON_NAME = AppIcon;
				ASSETCATALOG_COMPILER_GLOBAL_ACCENT_COLOR_NAME = AccentColor;
				CODE_SIGN_STYLE = Automatic;
				CURRENT_PROJECT_VERSION = 1;
				GENERATE_INFOPLIST_FILE = YES;
				INFOPLIST_FILE = RickAndMorty/Info.plist;
				INFOPLIST_KEY_UIApplicationSupportsIndirectInputEvents = YES;
				INFOPLIST_KEY_UILaunchStoryboardName = LaunchScreen;
				INFOPLIST_KEY_UISupportedInterfaceOrientations_iPad = "UIInterfaceOrientationPortrait UIInterfaceOrientationPortraitUpsideDown UIInterfaceOrientationLandscapeLeft UIInterfaceOrientationLandscapeRight";
				INFOPLIST_KEY_UISupportedInterfaceOrientations_iPhone = "UIInterfaceOrientationPortrait UIInterfaceOrientationLandscapeLeft UIInterfaceOrientationLandscapeRight";
				LD_RUNPATH_SEARCH_PATHS = (
					"$(inherited)",
					"@executable_path/Frameworks",
				);
				MARKETING_VERSION = 1.0;
				PRODUCT_BUNDLE_IDENTIFIER = nyihtet.RickAndMorty;
				PRODUCT_NAME = "$(TARGET_NAME)";
				SWIFT_EMIT_LOC_STRINGS = YES;
				SWIFT_VERSION = 5.0;
				TARGETED_DEVICE_FAMILY = "1,2";
			};
			name = Debug;
		};
		50F713742AF634AA003A0BC8 /* Release */ = {
			isa = XCBuildConfiguration;
			buildSettings = {
				ASSETCATALOG_COMPILER_APPICON_NAME = AppIcon;
				ASSETCATALOG_COMPILER_GLOBAL_ACCENT_COLOR_NAME = AccentColor;
				CODE_SIGN_STYLE = Automatic;
				CURRENT_PROJECT_VERSION = 1;
				GENERATE_INFOPLIST_FILE = YES;
				INFOPLIST_FILE = RickAndMorty/Info.plist;
				INFOPLIST_KEY_UIApplicationSupportsIndirectInputEvents = YES;
				INFOPLIST_KEY_UILaunchStoryboardName = LaunchScreen;
				INFOPLIST_KEY_UISupportedInterfaceOrientations_iPad = "UIInterfaceOrientationPortrait UIInterfaceOrientationPortraitUpsideDown UIInterfaceOrientationLandscapeLeft UIInterfaceOrientationLandscapeRight";
				INFOPLIST_KEY_UISupportedInterfaceOrientations_iPhone = "UIInterfaceOrientationPortrait UIInterfaceOrientationLandscapeLeft UIInterfaceOrientationLandscapeRight";
				LD_RUNPATH_SEARCH_PATHS = (
					"$(inherited)",
					"@executable_path/Frameworks",
				);
				MARKETING_VERSION = 1.0;
				PRODUCT_BUNDLE_IDENTIFIER = nyihtet.RickAndMorty;
				PRODUCT_NAME = "$(TARGET_NAME)";
				SWIFT_EMIT_LOC_STRINGS = YES;
				SWIFT_VERSION = 5.0;
				TARGETED_DEVICE_FAMILY = "1,2";
			};
			name = Release;
		};
/* End XCBuildConfiguration section */

/* Begin XCConfigurationList section */
		50F713592AF634A9003A0BC8 /* Build configuration list for PBXProject "RickAndMorty" */ = {
			isa = XCConfigurationList;
			buildConfigurations = (
				50F713702AF634AA003A0BC8 /* Debug */,
				50F713712AF634AA003A0BC8 /* Release */,
			);
			defaultConfigurationIsVisible = 0;
			defaultConfigurationName = Release;
		};
		50F713722AF634AA003A0BC8 /* Build configuration list for PBXNativeTarget "RickAndMorty" */ = {
			isa = XCConfigurationList;
			buildConfigurations = (
				50F713732AF634AA003A0BC8 /* Debug */,
				50F713742AF634AA003A0BC8 /* Release */,
			);
			defaultConfigurationIsVisible = 0;
			defaultConfigurationName = Release;
		};
/* End XCConfigurationList section */
	};
	rootObject = 50F713562AF634A9003A0BC8 /* Project object */;
}
